
Microsoft Visual Studio Solution File, Format Version 12.00
# Visual Studio 2012
Project("{FAE04EC0-301F-11D3-BF4B-00C04F79EFBC}") = "TicTacToee", "TicTacToee\TicTacToee.csproj", "{4DFE99CE-7594-40CE-82F9-903FD808E40E}"
EndProject
Global
	GlobalSection(SolutionConfigurationPlatforms) = preSolution
		Debug|Any CPU = Debug|Any CPU
		Release|Any CPU = Release|Any CPU
	EndGlobalSection
	GlobalSection(ProjectConfigurationPlatforms) = postSolution
		{4DFE99CE-7594-40CE-82F9-903FD808E40E}.Debug|Any CPU.ActiveCfg = Debug|Any CPU
		{4DFE99CE-7594-40CE-82F9-903FD808E40E}.Debug|Any CPU.Build.0 = Debug|Any CPU
		{4DFE99CE-7594-40CE-82F9-903FD808E40E}.Release|Any CPU.ActiveCfg = Release|Any CPU
		{4DFE99CE-7594-40CE-82F9-903FD808E40E}.Release|Any CPU.Build.0 = Release|Any CPU
	EndGlobalSection
	GlobalSection(SolutionProperties) = preSolution
		HideSolutionNode = FALSE
	EndGlobalSection
EndGlobal
